
Microsoft Visual Studio Solution File, Format Version 12.00
# Visual Studio 2013
VisualStudioVersion = 12.0.31101.0
MinimumVisualStudioVersion = 10.0.40219.1
Project("{FAE04EC0-301F-11D3-BF4B-00C04F79EFBC}") = "AvlTree", "AvlTree\AvlTree.csproj", "{7518AFA3-4B73-427B-9404-5AB1CC8B2F0E}"
EndProject
Global
	GlobalSection(SolutionConfigurationPlatforms) = preSolution
		Debug|Any CPU = Debug|Any CPU
		Release|Any CPU = Release|Any CPU
	EndGlobalSection
	GlobalSection(ProjectConfigurationPlatforms) = postSolution
		{7518AFA3-4B73-427B-9404-5AB1CC8B2F0E}.Debug|Any CPU.ActiveCfg = Debug|Any CPU
		{7518AFA3-4B73-427B-9404-5AB1CC8B2F0E}.Debug|Any CPU.Build.0 = Debug|Any CPU
		{7518AFA3-4B73-427B-9404-5AB1CC8B2F0E}.Release|Any CPU.ActiveCfg = Release|Any CPU
		{7518AFA3-4B73-427B-9404-5AB1CC8B2F0E}.Release|Any CPU.Build.0 = Release|Any CPU
	EndGlobalSection
	GlobalSection(SolutionProperties) = preSolution
		HideSolutionNode = FALSE
	EndGlobalSection
EndGlobal
